// !$*UTF8*$!
{
	archiveVersion = 1;
	classes = {
	};
	objectVersion = 50;
	objects = {

/* Begin PBXBuildFile section */
		8F053776228E5F9200353A34 /* AppDelegate.swift in Sources */ = {isa = PBXBuildFile; fileRef = 8F053775228E5F9200353A34 /* AppDelegate.swift */; };
		8F053778228E5F9200353A34 /* ViewController.swift in Sources */ = {isa = PBXBuildFile; fileRef = 8F053777228E5F9200353A34 /* ViewController.swift */; };
		8F05377B228E5F9200353A34 /* Main.storyboard in Resources */ = {isa = PBXBuildFile; fileRef = 8F053779228E5F9200353A34 /* Main.storyboard */; };
		8F05377D228E5F9400353A34 /* Assets.xcassets in Resources */ = {isa = PBXBuildFile; fileRef = 8F05377C228E5F9400353A34 /* Assets.xcassets */; };
		8F053780228E5F9400353A34 /* LaunchScreen.storyboard in Resources */ = {isa = PBXBuildFile; fileRef = 8F05377E228E5F9400353A34 /* LaunchScreen.storyboard */; };
		8F05378B228E5F9400353A34 /* TKPlaygroundTests.swift in Sources */ = {isa = PBXBuildFile; fileRef = 8F05378A228E5F9400353A34 /* TKPlaygroundTests.swift */; };
		8F053796228E5F9500353A34 /* TKPlaygroundUITests.swift in Sources */ = {isa = PBXBuildFile; fileRef = 8F053795228E5F9500353A34 /* TKPlaygroundUITests.swift */; };
/* End PBXBuildFile section */

/* Begin PBXContainerItemProxy section */
		8F053787228E5F9400353A34 /* PBXContainerItemProxy */ = {
			isa = PBXContainerItemProxy;
			containerPortal = 8F05376A228E5F9200353A34 /* Project object */;
			proxyType = 1;
			remoteGlobalIDString = 8F053771228E5F9200353A34;
			remoteInfo = TKPlayground;
		};
		8F053792228E5F9400353A34 /* PBXContainerItemProxy */ = {
			isa = PBXContainerItemProxy;
			containerPortal = 8F05376A228E5F9200353A34 /* Project object */;
			proxyType = 1;
			remoteGlobalIDString = 8F053771228E5F9200353A34;
			remoteInfo = TKPlayground;
		};
/* End PBXContainerItemProxy section */

/* Begin PBXFileReference section */
		8F053772228E5F9200353A34 /* TKPlayground.app */ = {isa = PBXFileReference; explicitFileType = wrapper.application; includeInIndex = 0; path = TKPlayground.app; sourceTree = BUILT_PRODUCTS_DIR; };
		8F053775228E5F9200353A34 /* AppDelegate.swift */ = {isa = PBXFileReference; lastKnownFileType = sourcecode.swift; path = AppDelegate.swift; sourceTree = "<group>"; };
		8F053777228E5F9200353A34 /* ViewController.swift */ = {isa = PBXFileReference; lastKnownFileType = sourcecode.swift; path = ViewController.swift; sourceTree = "<group>"; };
		8F05377A228E5F9200353A34 /* Base */ = {isa = PBXFileReference; lastKnownFileType = file.storyboard; name = Base; path = Base.lproj/Main.storyboard; sourceTree = "<group>"; };
		8F05377C228E5F9400353A34 /* Assets.xcassets */ = {isa = PBXFileReference; lastKnownFileType = folder.assetcatalog; path = Assets.xcassets; sourceTree = "<group>"; };
		8F05377F228E5F9400353A34 /* Base */ = {isa = PBXFileReference; lastKnownFileType = file.storyboard; name = Base; path = Base.lproj/LaunchScreen.storyboard; sourceTree = "<group>"; };
		8F053781228E5F9400353A34 /* Info.plist */ = {isa = PBXFileReference; lastKnownFileType = text.plist.xml; path = Info.plist; sourceTree = "<group>"; };
		8F053786228E5F9400353A34 /* TKPlaygroundTests.xctest */ = {isa = PBXFileReference; explicitFileType = wrapper.cfbundle; includeInIndex = 0; path = TKPlaygroundTests.xctest; sourceTree = BUILT_PRODUCTS_DIR; };
		8F05378A228E5F9400353A34 /* TKPlaygroundTests.swift */ = {isa = PBXFileReference; lastKnownFileType = sourcecode.swift; path = TKPlaygroundTests.swift; sourceTree = "<group>"; };
		8F05378C228E5F9400353A34 /* Info.plist */ = {isa = PBXFileReference; lastKnownFileType = text.plist.xml; path = Info.plist; sourceTree = "<group>"; };
		8F053791228E5F9400353A34 /* TKPlaygroundUITests.xctest */ = {isa = PBXFileReference; explicitFileType = wrapper.cfbundle; includeInIndex = 0; path = TKPlaygroundUITests.xctest; sourceTree = BUILT_PRODUCTS_DIR; };
		8F053795228E5F9500353A34 /* TKPlaygroundUITests.swift */ = {isa = PBXFileReference; lastKnownFileType = sourcecode.swift; path = TKPlaygroundUITests.swift; sourceTree = "<group>"; };
		8F053797228E5F9500353A34 /* Info.plist */ = {isa = PBXFileReference; lastKnownFileType = text.plist.xml; path = Info.plist; sourceTree = "<group>"; };
/* End PBXFileReference section */

/* Begin PBXFrameworksBuildPhase section */
		8F05376F228E5F9200353A34 /* Frameworks */ = {
			isa = PBXFrameworksBuildPhase;
			buildActionMask = 2147483647;
			files = (
			);
			runOnlyForDeploymentPostprocessing = 0;
		};
		8F053783228E5F9400353A34 /* Frameworks */ = {
			isa = PBXFrameworksBuildPhase;
			buildActionMask = 2147483647;
			files = (
			);
			runOnlyForDeploymentPostprocessing = 0;
		};
		8F05378E228E5F9400353A34 /* Frameworks */ = {
			isa = PBXFrameworksBuildPhase;
			buildActionMask = 2147483647;
			files = (
			);
			runOnlyForDeploymentPostprocessing = 0;
		};
/* End PBXFrameworksBuildPhase section */

/* Begin PBXGroup section */
		8F053769228E5F9200353A34 = {
			isa = PBXGroup;
			children = (
				8F053774228E5F9200353A34 /* TKPlayground */,
				8F053789228E5F9400353A34 /* TKImageViewTests */,
				8F053794228E5F9500353A34 /* TKImageViewUITests */,
				8F053773228E5F9200353A34 /* Products */,
			);
			sourceTree = "<group>";
		};
		8F053773228E5F9200353A34 /* Products */ = {
			isa = PBXGroup;
			children = (
				8F053772228E5F9200353A34 /* TKPlayground.app */,
				8F053786228E5F9400353A34 /* TKPlaygroundTests.xctest */,
				8F053791228E5F9400353A34 /* TKPlaygroundUITests.xctest */,
			);
			name = Products;
			sourceTree = "<group>";
		};
		8F053774228E5F9200353A34 /* TKPlayground */ = {
			isa = PBXGroup;
			children = (
				8F053775228E5F9200353A34 /* AppDelegate.swift */,
				8F053777228E5F9200353A34 /* ViewController.swift */,
				8F053779228E5F9200353A34 /* Main.storyboard */,
				8F05377C228E5F9400353A34 /* Assets.xcassets */,
				8F05377E228E5F9400353A34 /* LaunchScreen.storyboard */,
				8F053781228E5F9400353A34 /* Info.plist */,
			);
			path = TKPlayground;
			sourceTree = "<group>";
		};
		8F053789228E5F9400353A34 /* TKImageViewTests */ = {
			isa = PBXGroup;
			children = (
				8F05378A228E5F9400353A34 /* TKPlaygroundTests.swift */,
				8F05378C228E5F9400353A34 /* Info.plist */,
			);
			path = TKImageViewTests;
			sourceTree = "<group>";
		};
		8F053794228E5F9500353A34 /* TKImageViewUITests */ = {
			isa = PBXGroup;
			children = (
				8F053795228E5F9500353A34 /* TKPlaygroundUITests.swift */,
				8F053797228E5F9500353A34 /* Info.plist */,
			);
			path = TKImageViewUITests;
			sourceTree = "<group>";
		};
/* End PBXGroup section */

/* Begin PBXNativeTarget section */
		8F053771228E5F9200353A34 /* TKPlayground */ = {
			isa = PBXNativeTarget;
			buildConfigurationList = 8F05379A228E5F9500353A34 /* Build configuration list for PBXNativeTarget "TKPlayground" */;
			buildPhases = (
				8F05376E228E5F9200353A34 /* Sources */,
				8F05376F228E5F9200353A34 /* Frameworks */,
				8F053770228E5F9200353A34 /* Resources */,
			);
			buildRules = (
			);
			dependencies = (
			);
			name = TKPlayground;
			productName = TKPlayground;
			productReference = 8F053772228E5F9200353A34 /* TKPlayground.app */;
			productType = "com.apple.product-type.application";
		};
		8F053785228E5F9400353A34 /* TKPlaygroundTests */ = {
			isa = PBXNativeTarget;
			buildConfigurationList = 8F05379D228E5F9500353A34 /* Build configuration list for PBXNativeTarget "TKPlaygroundTests" */;
			buildPhases = (
				8F053782228E5F9400353A34 /* Sources */,
				8F053783228E5F9400353A34 /* Frameworks */,
				8F053784228E5F9400353A34 /* Resources */,
			);
			buildRules = (
			);
			dependencies = (
				8F053788228E5F9400353A34 /* PBXTargetDependency */,
			);
			name = TKPlaygroundTests;
			productName = TKPlaygroundTests;
			productReference = 8F053786228E5F9400353A34 /* TKPlaygroundTests.xctest */;
			productType = "com.apple.product-type.bundle.unit-test";
		};
		8F053790228E5F9400353A34 /* TKPlaygroundUITests */ = {
			isa = PBXNativeTarget;
			buildConfigurationList = 8F0537A0228E5F9500353A34 /* Build configuration list for PBXNativeTarget "TKPlaygroundUITests" */;
			buildPhases = (
				8F05378D228E5F9400353A34 /* Sources */,
				8F05378E228E5F9400353A34 /* Frameworks */,
				8F05378F228E5F9400353A34 /* Resources */,
			);
			buildRules = (
			);
			dependencies = (
				8F053793228E5F9400353A34 /* PBXTargetDependency */,
			);
			name = TKPlaygroundUITests;
			productName = TKPlaygroundUITests;
			productReference = 8F053791228E5F9400353A34 /* TKPlaygroundUITests.xctest */;
			productType = "com.apple.product-type.bundle.ui-testing";
		};
/* End PBXNativeTarget section */

/* Begin PBXProject section */
		8F05376A228E5F9200353A34 /* Project object */ = {
			isa = PBXProject;
			attributes = {
				LastSwiftUpdateCheck = 1010;
				LastUpgradeCheck = 1010;
				ORGANIZATIONNAME = "Sergen Gönenç";
				TargetAttributes = {
					8F053771228E5F9200353A34 = {
						CreatedOnToolsVersion = 10.1;
					};
					8F053785228E5F9400353A34 = {
						CreatedOnToolsVersion = 10.1;
						TestTargetID = 8F053771228E5F9200353A34;
					};
					8F053790228E5F9400353A34 = {
						CreatedOnToolsVersion = 10.1;
						TestTargetID = 8F053771228E5F9200353A34;
					};
				};
			};
			buildConfigurationList = 8F05376D228E5F9200353A34 /* Build configuration list for PBXProject "TKPlayground" */;
			compatibilityVersion = "Xcode 9.3";
			developmentRegion = en;
			hasScannedForEncodings = 0;
			knownRegions = (
				en,
				Base,
			);
			mainGroup = 8F053769228E5F9200353A34;
			productRefGroup = 8F053773228E5F9200353A34 /* Products */;
			projectDirPath = "";
			projectRoot = "";
			targets = (
				8F053771228E5F9200353A34 /* TKPlayground */,
				8F053785228E5F9400353A34 /* TKPlaygroundTests */,
				8F053790228E5F9400353A34 /* TKPlaygroundUITests */,
			);
		};
/* End PBXProject section */

/* Begin PBXResourcesBuildPhase section */
		8F053770228E5F9200353A34 /* Resources */ = {
			isa = PBXResourcesBuildPhase;
			buildActionMask = 2147483647;
			files = (
				8F053780228E5F9400353A34 /* LaunchScreen.storyboard in Resources */,
				8F05377D228E5F9400353A34 /* Assets.xcassets in Resources */,
				8F05377B228E5F9200353A34 /* Main.storyboard in Resources */,
			);
			runOnlyForDeploymentPostprocessing = 0;
		};
		8F053784228E5F9400353A34 /* Resources */ = {
			isa = PBXResourcesBuildPhase;
			buildActionMask = 2147483647;
			files = (
			);
			runOnlyForDeploymentPostprocessing = 0;
		};
		8F05378F228E5F9400353A34 /* Resources */ = {
			isa = PBXResourcesBuildPhase;
			buildActionMask = 2147483647;
			files = (
			);
			runOnlyForDeploymentPostprocessing = 0;
		};
/* End PBXResourcesBuildPhase section */

/* Begin PBXSourcesBuildPhase section */
		8F05376E228E5F9200353A34 /* Sources */ = {
			isa = PBXSourcesBuildPhase;
			buildActionMask = 2147483647;
			files = (
				8F053778228E5F9200353A34 /* ViewController.swift in Sources */,
				8F053776228E5F9200353A34 /* AppDelegate.swift in Sources */,
			);
			runOnlyForDeploymentPostprocessing = 0;
		};
		8F053782228E5F9400353A34 /* Sources */ = {
			isa = PBXSourcesBuildPhase;
			buildActionMask = 2147483647;
			files = (
				8F05378B228E5F9400353A34 /* TKPlaygroundTests.swift in Sources */,
			);
			runOnlyForDeploymentPostprocessing = 0;
		};
		8F05378D228E5F9400353A34 /* Sources */ = {
			isa = PBXSourcesBuildPhase;
			buildActionMask = 2147483647;
			files = (
				8F053796228E5F9500353A34 /* TKPlaygroundUITests.swift in Sources */,
			);
			runOnlyForDeploymentPostprocessing = 0;
		};
/* End PBXSourcesBuildPhase section */

/* Begin PBXTargetDependency section */
		8F053788228E5F9400353A34 /* PBXTargetDependency */ = {
			isa = PBXTargetDependency;
			target = 8F053771228E5F9200353A34 /* TKPlayground */;
			targetProxy = 8F053787228E5F9400353A34 /* PBXContainerItemProxy */;
		};
		8F053793228E5F9400353A34 /* PBXTargetDependency */ = {
			isa = PBXTargetDependency;
			target = 8F053771228E5F9200353A34 /* TKPlayground */;
			targetProxy = 8F053792228E5F9400353A34 /* PBXContainerItemProxy */;
		};
/* End PBXTargetDependency section */

/* Begin PBXVariantGroup section */
		8F053779228E5F9200353A34 /* Main.storyboard */ = {
			isa = PBXVariantGroup;
			children = (
				8F05377A228E5F9200353A34 /* Base */,
			);
			name = Main.storyboard;
			sourceTree = "<group>";
		};
		8F05377E228E5F9400353A34 /* LaunchScreen.storyboard */ = {
			isa = PBXVariantGroup;
			children = (
				8F05377F228E5F9400353A34 /* Base */,
			);
			name = LaunchScreen.storyboard;
			sourceTree = "<group>";
		};
/* End PBXVariantGroup section */

/* Begin XCBuildConfiguration section */
		8F053798228E5F9500353A34 /* Debug */ = {
			isa = XCBuildConfiguration;
			buildSettings = {
				ALWAYS_SEARCH_USER_PATHS = NO;
				CLANG_ANALYZER_NONNULL = YES;
				CLANG_ANALYZER_NUMBER_OBJECT_CONVERSION = YES_AGGRESSIVE;
				CLANG_CXX_LANGUAGE_STANDARD = "gnu++14";
				CLANG_CXX_LIBRARY = "libc++";
				CLANG_ENABLE_MODULES = YES;
				CLANG_ENABLE_OBJC_ARC = YES;
				CLANG_ENABLE_OBJC_WEAK = YES;
				CLANG_WARN_BLOCK_CAPTURE_AUTORELEASING = YES;
				CLANG_WARN_BOOL_CONVERSION = YES;
				CLANG_WARN_COMMA = YES;
				CLANG_WARN_CONSTANT_CONVERSION = YES;
				CLANG_WARN_DEPRECATED_OBJC_IMPLEMENTATIONS = YES;
				CLANG_WARN_DIRECT_OBJC_ISA_USAGE = YES_ERROR;
				CLANG_WARN_DOCUMENTATION_COMMENTS = YES;
				CLANG_WARN_EMPTY_BODY = YES;
				CLANG_WARN_ENUM_CONVERSION = YES;
				CLANG_WARN_INFINITE_RECURSION = YES;
				CLANG_WARN_INT_CONVERSION = YES;
				CLANG_WARN_NON_LITERAL_NULL_CONVERSION = YES;
				CLANG_WARN_OBJC_IMPLICIT_RETAIN_SELF = YES;
				CLANG_WARN_OBJC_LITERAL_CONVERSION = YES;
				CLANG_WARN_OBJC_ROOT_CLASS = YES_ERROR;
				CLANG_WARN_RANGE_LOOP_ANALYSIS = YES;
				CLANG_WARN_STRICT_PROTOTYPES = YES;
				CLANG_WARN_SUSPICIOUS_MOVE = YES;
				CLANG_WARN_UNGUARDED_AVAILABILITY = YES_AGGRESSIVE;
				CLANG_WARN_UNREACHABLE_CODE = YES;
				CLANG_WARN__DUPLICATE_METHOD_MATCH = YES;
				CODE_SIGN_IDENTITY = "iPhone Developer";
				COPY_PHASE_STRIP = NO;
				DEBUG_INFORMATION_FORMAT = dwarf;
				ENABLE_STRICT_OBJC_MSGSEND = YES;
				ENABLE_TESTABILITY = YES;
				GCC_C_LANGUAGE_STANDARD = gnu11;
				GCC_DYNAMIC_NO_PIC = NO;
				GCC_NO_COMMON_BLOCKS = YES;
				GCC_OPTIMIZATION_LEVEL = 0;
				GCC_PREPROCESSOR_DEFINITIONS = (
					"DEBUG=1",
					"$(inherited)",
				);
				GCC_WARN_64_TO_32_BIT_CONVERSION = YES;
				GCC_WARN_ABOUT_RETURN_TYPE = YES_ERROR;
				GCC_WARN_UNDECLARED_SELECTOR = YES;
				GCC_WARN_UNINITIALIZED_AUTOS = YES_AGGRESSIVE;
				GCC_WARN_UNUSED_FUNCTION = YES;
				GCC_WARN_UNUSED_VARIABLE = YES;
				IPHONEOS_DEPLOYMENT_TARGET = 12.1;
				MTL_ENABLE_DEBUG_INFO = INCLUDE_SOURCE;
				MTL_FAST_MATH = YES;
				ONLY_ACTIVE_ARCH = YES;
				SDKROOT = iphoneos;
				SWIFT_ACTIVE_COMPILATION_CONDITIONS = DEBUG;
				SWIFT_OPTIMIZATION_LEVEL = "-Onone";
			};
			name = Debug;
		};
		8F053799228E5F9500353A34 /* Release */ = {
			isa = XCBuildConfiguration;
			buildSettings = {
				ALWAYS_SEARCH_USER_PATHS = NO;
				CLANG_ANALYZER_NONNULL = YES;
				CLANG_ANALYZER_NUMBER_OBJECT_CONVERSION = YES_AGGRESSIVE;
				CLANG_CXX_LANGUAGE_STANDARD = "gnu++14";
				CLANG_CXX_LIBRARY = "libc++";
				CLANG_ENABLE_MODULES = YES;
				CLANG_ENABLE_OBJC_ARC = YES;
				CLANG_ENABLE_OBJC_WEAK = YES;
				CLANG_WARN_BLOCK_CAPTURE_AUTORELEASING = YES;
				CLANG_WARN_BOOL_CONVERSION = YES;
				CLANG_WARN_COMMA = YES;
				CLANG_WARN_CONSTANT_CONVERSION = YES;
				CLANG_WARN_DEPRECATED_OBJC_IMPLEMENTATIONS = YES;
				CLANG_WARN_DIRECT_OBJC_ISA_USAGE = YES_ERROR;
				CLANG_WARN_DOCUMENTATION_COMMENTS = YES;
				CLANG_WARN_EMPTY_BODY = YES;
				CLANG_WARN_ENUM_CONVERSION = YES;
				CLANG_WARN_INFINITE_RECURSION = YES;
				CLANG_WARN_INT_CONVERSION = YES;
				CLANG_WARN_NON_LITERAL_NULL_CONVERSION = YES;
				CLANG_WARN_OBJC_IMPLICIT_RETAIN_SELF = YES;
				CLANG_WARN_OBJC_LITERAL_CONVERSION = YES;
				CLANG_WARN_OBJC_ROOT_CLASS = YES_ERROR;
				CLANG_WARN_RANGE_LOOP_ANALYSIS = YES;
				CLANG_WARN_STRICT_PROTOTYPES = YES;
				CLANG_WARN_SUSPICIOUS_MOVE = YES;
				CLANG_WARN_UNGUARDED_AVAILABILITY = YES_AGGRESSIVE;
				CLANG_WARN_UNREACHABLE_CODE = YES;
				CLANG_WARN__DUPLICATE_METHOD_MATCH = YES;
				CODE_SIGN_IDENTITY = "iPhone Developer";
				COPY_PHASE_STRIP = NO;
				DEBUG_INFORMATION_FORMAT = "dwarf-with-dsym";
				ENABLE_NS_ASSERTIONS = NO;
				ENABLE_STRICT_OBJC_MSGSEND = YES;
				GCC_C_LANGUAGE_STANDARD = gnu11;
				GCC_NO_COMMON_BLOCKS = YES;
				GCC_WARN_64_TO_32_BIT_CONVERSION = YES;
				GCC_WARN_ABOUT_RETURN_TYPE = YES_ERROR;
				GCC_WARN_UNDECLARED_SELECTOR = YES;
				GCC_WARN_UNINITIALIZED_AUTOS = YES_AGGRESSIVE;
				GCC_WARN_UNUSED_FUNCTION = YES;
				GCC_WARN_UNUSED_VARIABLE = YES;
				IPHONEOS_DEPLOYMENT_TARGET = 12.1;
				MTL_ENABLE_DEBUG_INFO = NO;
				MTL_FAST_MATH = YES;
				SDKROOT = iphoneos;
				SWIFT_COMPILATION_MODE = wholemodule;
				SWIFT_OPTIMIZATION_LEVEL = "-O";
				VALIDATE_PRODUCT = YES;
			};
			name = Release;
		};
		8F05379B228E5F9500353A34 /* Debug */ = {
			isa = XCBuildConfiguration;
			buildSettings = {
				ASSETCATALOG_COMPILER_APPICON_NAME = AppIcon;
				CODE_SIGN_STYLE = Automatic;
				DEVELOPMENT_TEAM = A5TA7Y9MPK;
				INFOPLIST_FILE = TKPlayground/Info.plist;
				LD_RUNPATH_SEARCH_PATHS = (
					"$(inherited)",
					"@executable_path/Frameworks",
				);
				PRODUCT_BUNDLE_IDENTIFIER = com.sergen.TKImageView;
				PRODUCT_NAME = "$(TARGET_NAME)";
				SWIFT_VERSION = 4.2;
				TARGETED_DEVICE_FAMILY = "1,2";
			};
			name = Debug;
		};
		8F05379C228E5F9500353A34 /* Release */ = {
			isa = XCBuildConfiguration;
			buildSettings = {
				ASSETCATALOG_COMPILER_APPICON_NAME = AppIcon;
				CODE_SIGN_STYLE = Automatic;
				DEVELOPMENT_TEAM = A5TA7Y9MPK;
				INFOPLIST_FILE = TKPlayground/Info.plist;
				LD_RUNPATH_SEARCH_PATHS = (
					"$(inherited)",
					"@executable_path/Frameworks",
				);
				PRODUCT_BUNDLE_IDENTIFIER = com.sergen.TKImageView;
				PRODUCT_NAME = "$(TARGET_NAME)";
				SWIFT_VERSION = 4.2;
				TARGETED_DEVICE_FAMILY = "1,2";
			};
			name = Release;
		};
		8F05379E228E5F9500353A34 /* Debug */ = {
			isa = XCBuildConfiguration;
			buildSettings = {
				ALWAYS_EMBED_SWIFT_STANDARD_LIBRARIES = YES;
				BUNDLE_LOADER = "$(TEST_HOST)";
				CODE_SIGN_STYLE = Automatic;
				DEVELOPMENT_TEAM = A5TA7Y9MPK;
				INFOPLIST_FILE = TKPlaygroundTests/Info.plist;
				LD_RUNPATH_SEARCH_PATHS = (
					"$(inherited)",
					"@executable_path/Frameworks",
					"@loader_path/Frameworks",
				);
				PRODUCT_BUNDLE_IDENTIFIER = com.sergen.TKPlaygroundTests;
				PRODUCT_NAME = "$(TARGET_NAME)";
				SWIFT_VERSION = 4.2;
				TARGETED_DEVICE_FAMILY = "1,2";
				TEST_HOST = "$(BUILT_PRODUCTS_DIR)/TKPlayground.app/TKPlayground";
			};
			name = Debug;
		};
		8F05379F228E5F9500353A34 /* Release */ = {
			isa = XCBuildConfiguration;
			buildSettings = {
				ALWAYS_EMBED_SWIFT_STANDARD_LIBRARIES = YES;
				BUNDLE_LOADER = "$(TEST_HOST)";
				CODE_SIGN_STYLE = Automatic;
				DEVELOPMENT_TEAM = A5TA7Y9MPK;
				INFOPLIST_FILE = TKPlaygroundTests/Info.plist;
				LD_RUNPATH_SEARCH_PATHS = (
					"$(inherited)",
					"@executable_path/Frameworks",
					"@loader_path/Frameworks",
				);
				PRODUCT_BUNDLE_IDENTIFIER = com.sergen.TKPlaygroundTests;
				PRODUCT_NAME = "$(TARGET_NAME)";
				SWIFT_VERSION = 4.2;
				TARGETED_DEVICE_FAMILY = "1,2";
				TEST_HOST = "$(BUILT_PRODUCTS_DIR)/TKPlayground.app/TKPlayground";
			};
			name = Release;
		};
		8F0537A1228E5F9500353A34 /* Debug */ = {
			isa = XCBuildConfiguration;
			buildSettings = {
				ALWAYS_EMBED_SWIFT_STANDARD_LIBRARIES = YES;
				CODE_SIGN_STYLE = Automatic;
				DEVELOPMENT_TEAM = A5TA7Y9MPK;
				INFOPLIST_FILE = TKPlaygroundUITests/Info.plist;
				LD_RUNPATH_SEARCH_PATHS = (
					"$(inherited)",
					"@executable_path/Frameworks",
					"@loader_path/Frameworks",
				);
				PRODUCT_BUNDLE_IDENTIFIER = com.sergen.TKPlaygroundUITests;
				PRODUCT_NAME = "$(TARGET_NAME)";
				SWIFT_VERSION = 4.2;
				TARGETED_DEVICE_FAMILY = "1,2";
				TEST_TARGET_NAME = TKPlayground;
			};
			name = Debug;
		};
		8F0537A2228E5F9500353A34 /* Release */ = {
			isa = XCBuildConfiguration;
			buildSettings = {
				ALWAYS_EMBED_SWIFT_STANDARD_LIBRARIES = YES;
				CODE_SIGN_STYLE = Automatic;
				DEVELOPMENT_TEAM = A5TA7Y9MPK;
				INFOPLIST_FILE = TKPlaygroundUITests/Info.plist;
				LD_RUNPATH_SEARCH_PATHS = (
					"$(inherited)",
					"@executable_path/Frameworks",
					"@loader_path/Frameworks",
				);
				PRODUCT_BUNDLE_IDENTIFIER = com.sergen.TKPlaygroundUITests;
				PRODUCT_NAME = "$(TARGET_NAME)";
				SWIFT_VERSION = 4.2;
				TARGETED_DEVICE_FAMILY = "1,2";
				TEST_TARGET_NAME = TKPlayground;
			};
			name = Release;
		};
/* End XCBuildConfiguration section */

/* Begin XCConfigurationList section */
		8F05376D228E5F9200353A34 /* Build configuration list for PBXProject "TKPlayground" */ = {
			isa = XCConfigurationList;
			buildConfigurations = (
				8F053798228E5F9500353A34 /* Debug */,
				8F053799228E5F9500353A34 /* Release */,
			);
			defaultConfigurationIsVisible = 0;
			defaultConfigurationName = Release;
		};
		8F05379A228E5F9500353A34 /* Build configuration list for PBXNativeTarget "TKPlayground" */ = {
			isa = XCConfigurationList;
			buildConfigurations = (
				8F05379B228E5F9500353A34 /* Debug */,
				8F05379C228E5F9500353A34 /* Release */,
			);
			defaultConfigurationIsVisible = 0;
			defaultConfigurationName = Release;
		};
		8F05379D228E5F9500353A34 /* Build configuration list for PBXNativeTarget "TKPlaygroundTests" */ = {
			isa = XCConfigurationList;
			buildConfigurations = (
				8F05379E228E5F9500353A34 /* Debug */,
				8F05379F228E5F9500353A34 /* Release */,
			);
			defaultConfigurationIsVisible = 0;
			defaultConfigurationName = Release;
		};
		8F0537A0228E5F9500353A34 /* Build configuration list for PBXNativeTarget "TKPlaygroundUITests" */ = {
			isa = XCConfigurationList;
			buildConfigurations = (
				8F0537A1228E5F9500353A34 /* Debug */,
				8F0537A2228E5F9500353A34 /* Release */,
			);
			defaultConfigurationIsVisible = 0;
			defaultConfigurationName = Release;
		};
/* End XCConfigurationList section */
	};
	rootObject = 8F05376A228E5F9200353A34 /* Project object */;
}
